// !$*UTF8*$!
{
	archiveVersion = 1;
	classes = {
	};
	objectVersion = 50;
	objects = {

/* Begin PBXBuildFile section */
		5E0E484923F05930004CFF38 /* NSObject+AssociatedObject.m in Sources */ = {isa = PBXBuildFile; fileRef = 5E0E484823F05930004CFF38 /* NSObject+AssociatedObject.m */; };
		5E0E484D23F0630E004CFF38 /* Person.m in Sources */ = {isa = PBXBuildFile; fileRef = 5E0E484C23F0630E004CFF38 /* Person.m */; };
		5E33D157245EBE1300688D2B /* ThreadLock.m in Sources */ = {isa = PBXBuildFile; fileRef = 5E33D156245EBE1300688D2B /* ThreadLock.m */; };
		5E9FB1BC23EF03FE0082F5BE /* AppDelegate.m in Sources */ = {isa = PBXBuildFile; fileRef = 5E9FB1BB23EF03FE0082F5BE /* AppDelegate.m */; };
		5E9FB1BF23EF03FE0082F5BE /* SceneDelegate.m in Sources */ = {isa = PBXBuildFile; fileRef = 5E9FB1BE23EF03FE0082F5BE /* SceneDelegate.m */; };
		5E9FB1C223EF03FE0082F5BE /* ViewController.m in Sources */ = {isa = PBXBuildFile; fileRef = 5E9FB1C123EF03FE0082F5BE /* ViewController.m */; };
		5E9FB1C523EF03FE0082F5BE /* Main.storyboard in Resources */ = {isa = PBXBuildFile; fileRef = 5E9FB1C323EF03FE0082F5BE /* Main.storyboard */; };
		5E9FB1C723EF04000082F5BE /* Assets.xcassets in Resources */ = {isa = PBXBuildFile; fileRef = 5E9FB1C623EF04000082F5BE /* Assets.xcassets */; };
		5E9FB1CA23EF04000082F5BE /* LaunchScreen.storyboard in Resources */ = {isa = PBXBuildFile; fileRef = 5E9FB1C823EF04000082F5BE /* LaunchScreen.storyboard */; };
		5E9FB1CD23EF04000082F5BE /* main.m in Sources */ = {isa = PBXBuildFile; fileRef = 5E9FB1CC23EF04000082F5BE /* main.m */; };
		5EE3FA18246045F6007A11F5 /* HelloWorld.m in Sources */ = {isa = PBXBuildFile; fileRef = 5EE3FA17246045F6007A11F5 /* HelloWorld.m */; };
		5EE3FA1B2461B44A007A11F5 /* BlockIntro.m in Sources */ = {isa = PBXBuildFile; fileRef = 5EE3FA1A2461B44A007A11F5 /* BlockIntro.m */; };
		5EE3FA1E24625212007A11F5 /* ThreadIntro.m in Sources */ = {isa = PBXBuildFile; fileRef = 5EE3FA1D24625212007A11F5 /* ThreadIntro.m */; };
/* End PBXBuildFile section */

/* Begin PBXFileReference section */
		5E0E484723F05930004CFF38 /* NSObject+AssociatedObject.h */ = {isa = PBXFileReference; lastKnownFileType = sourcecode.c.h; path = "NSObject+AssociatedObject.h"; sourceTree = "<group>"; };
		5E0E484823F05930004CFF38 /* NSObject+AssociatedObject.m */ = {isa = PBXFileReference; lastKnownFileType = sourcecode.c.objc; path = "NSObject+AssociatedObject.m"; sourceTree = "<group>"; };
		5E0E484A23F059C9004CFF38 /* Runtime_intro.entitlements */ = {isa = PBXFileReference; lastKnownFileType = text.plist.entitlements; path = Runtime_intro.entitlements; sourceTree = "<group>"; };
		5E0E484B23F0630E004CFF38 /* Person.h */ = {isa = PBXFileReference; lastKnownFileType = sourcecode.c.h; path = Person.h; sourceTree = "<group>"; };
		5E0E484C23F0630E004CFF38 /* Person.m */ = {isa = PBXFileReference; lastKnownFileType = sourcecode.c.objc; path = Person.m; sourceTree = "<group>"; };
		5E33D155245EBE1300688D2B /* ThreadLock.h */ = {isa = PBXFileReference; lastKnownFileType = sourcecode.c.h; path = ThreadLock.h; sourceTree = "<group>"; };
		5E33D156245EBE1300688D2B /* ThreadLock.m */ = {isa = PBXFileReference; lastKnownFileType = sourcecode.c.objc; path = ThreadLock.m; sourceTree = "<group>"; };
		5E9FB1B723EF03FE0082F5BE /* Runtime_intro.app */ = {isa = PBXFileReference; explicitFileType = wrapper.application; includeInIndex = 0; path = Runtime_intro.app; sourceTree = BUILT_PRODUCTS_DIR; };
		5E9FB1BA23EF03FE0082F5BE /* AppDelegate.h */ = {isa = PBXFileReference; lastKnownFileType = sourcecode.c.h; path = AppDelegate.h; sourceTree = "<group>"; };
		5E9FB1BB23EF03FE0082F5BE /* AppDelegate.m */ = {isa = PBXFileReference; lastKnownFileType = sourcecode.c.objc; path = AppDelegate.m; sourceTree = "<group>"; };
		5E9FB1BD23EF03FE0082F5BE /* SceneDelegate.h */ = {isa = PBXFileReference; lastKnownFileType = sourcecode.c.h; path = SceneDelegate.h; sourceTree = "<group>"; };
		5E9FB1BE23EF03FE0082F5BE /* SceneDelegate.m */ = {isa = PBXFileReference; lastKnownFileType = sourcecode.c.objc; path = SceneDelegate.m; sourceTree = "<group>"; };
		5E9FB1C023EF03FE0082F5BE /* ViewController.h */ = {isa = PBXFileReference; lastKnownFileType = sourcecode.c.h; path = ViewController.h; sourceTree = "<group>"; };
		5E9FB1C123EF03FE0082F5BE /* ViewController.m */ = {isa = PBXFileReference; lastKnownFileType = sourcecode.c.objc; path = ViewController.m; sourceTree = "<group>"; };
		5E9FB1C423EF03FE0082F5BE /* Base */ = {isa = PBXFileReference; lastKnownFileType = file.storyboard; name = Base; path = Base.lproj/Main.storyboard; sourceTree = "<group>"; };
		5E9FB1C623EF04000082F5BE /* Assets.xcassets */ = {isa = PBXFileReference; lastKnownFileType = folder.assetcatalog; path = Assets.xcassets; sourceTree = "<group>"; };
		5E9FB1C923EF04000082F5BE /* Base */ = {isa = PBXFileReference; lastKnownFileType = file.storyboard; name = Base; path = Base.lproj/LaunchScreen.storyboard; sourceTree = "<group>"; };
		5E9FB1CB23EF04000082F5BE /* Info.plist */ = {isa = PBXFileReference; lastKnownFileType = text.plist.xml; path = Info.plist; sourceTree = "<group>"; };
		5E9FB1CC23EF04000082F5BE /* main.m */ = {isa = PBXFileReference; lastKnownFileType = sourcecode.c.objc; path = main.m; sourceTree = "<group>"; };
		5EE3FA16246045F6007A11F5 /* HelloWorld.h */ = {isa = PBXFileReference; lastKnownFileType = sourcecode.c.h; path = HelloWorld.h; sourceTree = "<group>"; };
		5EE3FA17246045F6007A11F5 /* HelloWorld.m */ = {isa = PBXFileReference; lastKnownFileType = sourcecode.c.objc; path = HelloWorld.m; sourceTree = "<group>"; };
		5EE3FA192461B44A007A11F5 /* BlockIntro.h */ = {isa = PBXFileReference; lastKnownFileType = sourcecode.c.h; path = BlockIntro.h; sourceTree = "<group>"; };
		5EE3FA1A2461B44A007A11F5 /* BlockIntro.m */ = {isa = PBXFileReference; lastKnownFileType = sourcecode.c.objc; path = BlockIntro.m; sourceTree = "<group>"; };
		5EE3FA1C24625212007A11F5 /* ThreadIntro.h */ = {isa = PBXFileReference; lastKnownFileType = sourcecode.c.h; path = ThreadIntro.h; sourceTree = "<group>"; };
		5EE3FA1D24625212007A11F5 /* ThreadIntro.m */ = {isa = PBXFileReference; lastKnownFileType = sourcecode.c.objc; path = ThreadIntro.m; sourceTree = "<group>"; };
/* End PBXFileReference section */

/* Begin PBXFrameworksBuildPhase section */
		5E9FB1B423EF03FE0082F5BE /* Frameworks */ = {
			isa = PBXFrameworksBuildPhase;
			buildActionMask = 2147483647;
			files = (
			);
			runOnlyForDeploymentPostprocessing = 0;
		};
/* End PBXFrameworksBuildPhase section */

/* Begin PBXGroup section */
		5E9FB1AE23EF03FE0082F5BE = {
			isa = PBXGroup;
			children = (
				5E9FB1B923EF03FE0082F5BE /* Runtime_intro */,
				5E9FB1B823EF03FE0082F5BE /* Products */,
			);
			sourceTree = "<group>";
		};
		5E9FB1B823EF03FE0082F5BE /* Products */ = {
			isa = PBXGroup;
			children = (
				5E9FB1B723EF03FE0082F5BE /* Runtime_intro.app */,
			);
			name = Products;
			sourceTree = "<group>";
		};
		5E9FB1B923EF03FE0082F5BE /* Runtime_intro */ = {
			isa = PBXGroup;
			children = (
				5E0E484A23F059C9004CFF38 /* Runtime_intro.entitlements */,
				5E9FB1BA23EF03FE0082F5BE /* AppDelegate.h */,
				5E9FB1BB23EF03FE0082F5BE /* AppDelegate.m */,
				5E9FB1BD23EF03FE0082F5BE /* SceneDelegate.h */,
				5E9FB1BE23EF03FE0082F5BE /* SceneDelegate.m */,
				5E9FB1C023EF03FE0082F5BE /* ViewController.h */,
				5E9FB1C123EF03FE0082F5BE /* ViewController.m */,
				5E33D155245EBE1300688D2B /* ThreadLock.h */,
				5E33D156245EBE1300688D2B /* ThreadLock.m */,
				5E0E484723F05930004CFF38 /* NSObject+AssociatedObject.h */,
				5E0E484823F05930004CFF38 /* NSObject+AssociatedObject.m */,
				5E0E484B23F0630E004CFF38 /* Person.h */,
				5E0E484C23F0630E004CFF38 /* Person.m */,
				5EE3FA16246045F6007A11F5 /* HelloWorld.h */,
				5EE3FA17246045F6007A11F5 /* HelloWorld.m */,
				5EE3FA192461B44A007A11F5 /* BlockIntro.h */,
				5EE3FA1A2461B44A007A11F5 /* BlockIntro.m */,
				5EE3FA1C24625212007A11F5 /* ThreadIntro.h */,
				5EE3FA1D24625212007A11F5 /* ThreadIntro.m */,
				5E9FB1C323EF03FE0082F5BE /* Main.storyboard */,
				5E9FB1C623EF04000082F5BE /* Assets.xcassets */,
				5E9FB1C823EF04000082F5BE /* LaunchScreen.storyboard */,
				5E9FB1CB23EF04000082F5BE /* Info.plist */,
				5E9FB1CC23EF04000082F5BE /* main.m */,
			);
			path = Runtime_intro;
			sourceTree = "<group>";
		};
/* End PBXGroup section */

/* Begin PBXNativeTarget section */
		5E9FB1B623EF03FE0082F5BE /* Runtime_intro */ = {
			isa = PBXNativeTarget;
			buildConfigurationList = 5E9FB1D023EF04000082F5BE /* Build configuration list for PBXNativeTarget "Runtime_intro" */;
			buildPhases = (
				5E9FB1B323EF03FE0082F5BE /* Sources */,
				5E9FB1B423EF03FE0082F5BE /* Frameworks */,
				5E9FB1B523EF03FE0082F5BE /* Resources */,
			);
			buildRules = (
			);
			dependencies = (
			);
			name = Runtime_intro;
			productName = Runtime_intro;
			productReference = 5E9FB1B723EF03FE0082F5BE /* Runtime_intro.app */;
			productType = "com.apple.product-type.application";
		};
/* End PBXNativeTarget section */

/* Begin PBXProject section */
		5E9FB1AF23EF03FE0082F5BE /* Project object */ = {
			isa = PBXProject;
			attributes = {
				LastUpgradeCheck = 1130;
				ORGANIZATIONNAME = ash;
				TargetAttributes = {
					5E9FB1B623EF03FE0082F5BE = {
						CreatedOnToolsVersion = 11.3.1;
					};
				};
			};
			buildConfigurationList = 5E9FB1B223EF03FE0082F5BE /* Build configuration list for PBXProject "Runtime_intro" */;
			compatibilityVersion = "Xcode 9.3";
			developmentRegion = en;
			hasScannedForEncodings = 0;
			knownRegions = (
				en,
				Base,
			);
			mainGroup = 5E9FB1AE23EF03FE0082F5BE;
			productRefGroup = 5E9FB1B823EF03FE0082F5BE /* Products */;
			projectDirPath = "";
			projectRoot = "";
			targets = (
				5E9FB1B623EF03FE0082F5BE /* Runtime_intro */,
			);
		};
/* End PBXProject section */

/* Begin PBXResourcesBuildPhase section */
		5E9FB1B523EF03FE0082F5BE /* Resources */ = {
			isa = PBXResourcesBuildPhase;
			buildActionMask = 2147483647;
			files = (
				5E9FB1CA23EF04000082F5BE /* LaunchScreen.storyboard in Resources */,
				5E9FB1C723EF04000082F5BE /* Assets.xcassets in Resources */,
				5E9FB1C523EF03FE0082F5BE /* Main.storyboard in Resources */,
			);
			runOnlyForDeploymentPostprocessing = 0;
		};
/* End PBXResourcesBuildPhase section */

/* Begin PBXSourcesBuildPhase section */
		5E9FB1B323EF03FE0082F5BE /* Sources */ = {
			isa = PBXSourcesBuildPhase;
			buildActionMask = 2147483647;
			files = (
				5EE3FA1E24625212007A11F5 /* ThreadIntro.m in Sources */,
				5EE3FA1B2461B44A007A11F5 /* BlockIntro.m in Sources */,
				5E0E484D23F0630E004CFF38 /* Person.m in Sources */,
				5E0E484923F05930004CFF38 /* NSObject+AssociatedObject.m in Sources */,
				5E33D157245EBE1300688D2B /* ThreadLock.m in Sources */,
				5EE3FA18246045F6007A11F5 /* HelloWorld.m in Sources */,
				5E9FB1C223EF03FE0082F5BE /* ViewController.m in Sources */,
				5E9FB1BC23EF03FE0082F5BE /* AppDelegate.m in Sources */,
				5E9FB1CD23EF04000082F5BE /* main.m in Sources */,
				5E9FB1BF23EF03FE0082F5BE /* SceneDelegate.m in Sources */,
			);
			runOnlyForDeploymentPostprocessing = 0;
		};
/* End PBXSourcesBuildPhase section */

/* Begin PBXVariantGroup section */
		5E9FB1C323EF03FE0082F5BE /* Main.storyboard */ = {
			isa = PBXVariantGroup;
			children = (
				5E9FB1C423EF03FE0082F5BE /* Base */,
			);
			name = Main.storyboard;
			sourceTree = "<group>";
		};
		5E9FB1C823EF04000082F5BE /* LaunchScreen.storyboard */ = {
			isa = PBXVariantGroup;
			children = (
				5E9FB1C923EF04000082F5BE /* Base */,
			);
			name = LaunchScreen.storyboard;
			sourceTree = "<group>";
		};
/* End PBXVariantGroup section */

/* Begin XCBuildConfiguration section */
		5E9FB1CE23EF04000082F5BE /* Debug */ = {
			isa = XCBuildConfiguration;
			buildSettings = {
				ALWAYS_SEARCH_USER_PATHS = NO;
				CLANG_ANALYZER_NONNULL = YES;
				CLANG_ANALYZER_NUMBER_OBJECT_CONVERSION = YES_AGGRESSIVE;
				CLANG_CXX_LANGUAGE_STANDARD = "gnu++14";
				CLANG_CXX_LIBRARY = "libc++";
				CLANG_ENABLE_MODULES = YES;
				CLANG_ENABLE_OBJC_ARC = YES;
				CLANG_ENABLE_OBJC_WEAK = YES;
				CLANG_WARN_BLOCK_CAPTURE_AUTORELEASING = YES;
				CLANG_WARN_BOOL_CONVERSION = YES;
				CLANG_WARN_COMMA = YES;
				CLANG_WARN_CONSTANT_CONVERSION = YES;
				CLANG_WARN_DEPRECATED_OBJC_IMPLEMENTATIONS = YES;
				CLANG_WARN_DIRECT_OBJC_ISA_USAGE = YES_ERROR;
				CLANG_WARN_DOCUMENTATION_COMMENTS = YES;
				CLANG_WARN_EMPTY_BODY = YES;
				CLANG_WARN_ENUM_CONVERSION = YES;
				CLANG_WARN_INFINITE_RECURSION = YES;
				CLANG_WARN_INT_CONVERSION = YES;
				CLANG_WARN_NON_LITERAL_NULL_CONVERSION = YES;
				CLANG_WARN_OBJC_IMPLICIT_RETAIN_SELF = YES;
				CLANG_WARN_OBJC_LITERAL_CONVERSION = YES;
				CLANG_WARN_OBJC_ROOT_CLASS = YES_ERROR;
				CLANG_WARN_RANGE_LOOP_ANALYSIS = YES;
				CLANG_WARN_STRICT_PROTOTYPES = YES;
				CLANG_WARN_SUSPICIOUS_MOVE = YES;
				CLANG_WARN_UNGUARDED_AVAILABILITY = YES_AGGRESSIVE;
				CLANG_WARN_UNREACHABLE_CODE = YES;
				CLANG_WARN__DUPLICATE_METHOD_MATCH = YES;
				COPY_PHASE_STRIP = NO;
				DEBUG_INFORMATION_FORMAT = dwarf;
				ENABLE_STRICT_OBJC_MSGSEND = YES;
				ENABLE_TESTABILITY = YES;
				GCC_C_LANGUAGE_STANDARD = gnu11;
				GCC_DYNAMIC_NO_PIC = NO;
				GCC_NO_COMMON_BLOCKS = YES;
				GCC_OPTIMIZATION_LEVEL = 0;
				GCC_PREPROCESSOR_DEFINITIONS = (
					"DEBUG=1",
					"$(inherited)",
				);
				GCC_WARN_64_TO_32_BIT_CONVERSION = YES;
				GCC_WARN_ABOUT_RETURN_TYPE = YES_ERROR;
				GCC_WARN_UNDECLARED_SELECTOR = YES;
				GCC_WARN_UNINITIALIZED_AUTOS = YES_AGGRESSIVE;
				GCC_WARN_UNUSED_FUNCTION = YES;
				GCC_WARN_UNUSED_VARIABLE = YES;
				IPHONEOS_DEPLOYMENT_TARGET = 13.2;
				MTL_ENABLE_DEBUG_INFO = INCLUDE_SOURCE;
				MTL_FAST_MATH = YES;
				ONLY_ACTIVE_ARCH = YES;
				SDKROOT = iphoneos;
			};
			name = Debug;
		};
		5E9FB1CF23EF04000082F5BE /* Release */ = {
			isa = XCBuildConfiguration;
			buildSettings = {
				ALWAYS_SEARCH_USER_PATHS = NO;
				CLANG_ANALYZER_NONNULL = YES;
				CLANG_ANALYZER_NUMBER_OBJECT_CONVERSION = YES_AGGRESSIVE;
				CLANG_CXX_LANGUAGE_STANDARD = "gnu++14";
				CLANG_CXX_LIBRARY = "libc++";
				CLANG_ENABLE_MODULES = YES;
				CLANG_ENABLE_OBJC_ARC = YES;
				CLANG_ENABLE_OBJC_WEAK = YES;
				CLANG_WARN_BLOCK_CAPTURE_AUTORELEASING = YES;
				CLANG_WARN_BOOL_CONVERSION = YES;
				CLANG_WARN_COMMA = YES;
				CLANG_WARN_CONSTANT_CONVERSION = YES;
				CLANG_WARN_DEPRECATED_OBJC_IMPLEMENTATIONS = YES;
				CLANG_WARN_DIRECT_OBJC_ISA_USAGE = YES_ERROR;
				CLANG_WARN_DOCUMENTATION_COMMENTS = YES;
				CLANG_WARN_EMPTY_BODY = YES;
				CLANG_WARN_ENUM_CONVERSION = YES;
				CLANG_WARN_INFINITE_RECURSION = YES;
				CLANG_WARN_INT_CONVERSION = YES;
				CLANG_WARN_NON_LITERAL_NULL_CONVERSION = YES;
				CLANG_WARN_OBJC_IMPLICIT_RETAIN_SELF = YES;
				CLANG_WARN_OBJC_LITERAL_CONVERSION = YES;
				CLANG_WARN_OBJC_ROOT_CLASS = YES_ERROR;
				CLANG_WARN_RANGE_LOOP_ANALYSIS = YES;
				CLANG_WARN_STRICT_PROTOTYPES = YES;
				CLANG_WARN_SUSPICIOUS_MOVE = YES;
				CLANG_WARN_UNGUARDED_AVAILABILITY = YES_AGGRESSIVE;
				CLANG_WARN_UNREACHABLE_CODE = YES;
				CLANG_WARN__DUPLICATE_METHOD_MATCH = YES;
				COPY_PHASE_STRIP = NO;
				DEBUG_INFORMATION_FORMAT = "dwarf-with-dsym";
				ENABLE_NS_ASSERTIONS = NO;
				ENABLE_STRICT_OBJC_MSGSEND = YES;
				GCC_C_LANGUAGE_STANDARD = gnu11;
				GCC_NO_COMMON_BLOCKS = YES;
				GCC_WARN_64_TO_32_BIT_CONVERSION = YES;
				GCC_WARN_ABOUT_RETURN_TYPE = YES_ERROR;
				GCC_WARN_UNDECLARED_SELECTOR = YES;
				GCC_WARN_UNINITIALIZED_AUTOS = YES_AGGRESSIVE;
				GCC_WARN_UNUSED_FUNCTION = YES;
				GCC_WARN_UNUSED_VARIABLE = YES;
				IPHONEOS_DEPLOYMENT_TARGET = 13.2;
				MTL_ENABLE_DEBUG_INFO = NO;
				MTL_FAST_MATH = YES;
				SDKROOT = iphoneos;
				VALIDATE_PRODUCT = YES;
			};
			name = Release;
		};
		5E9FB1D123EF04000082F5BE /* Debug */ = {
			isa = XCBuildConfiguration;
			buildSettings = {
				ASSETCATALOG_COMPILER_APPICON_NAME = AppIcon;
				CODE_SIGN_ENTITLEMENTS = Runtime_intro/Runtime_intro.entitlements;
				CODE_SIGN_STYLE = Automatic;
				DEVELOPMENT_TEAM = 49F6BP78T2;
				ENABLE_STRICT_OBJC_MSGSEND = NO;
				INFOPLIST_FILE = Runtime_intro/Info.plist;
				LD_RUNPATH_SEARCH_PATHS = (
					"$(inherited)",
					"@executable_path/Frameworks",
				);
				PRODUCT_BUNDLE_IDENTIFIER = "ash.Runtime-intro";
				PRODUCT_NAME = "$(TARGET_NAME)";
				SUPPORTS_MACCATALYST = NO;
				TARGETED_DEVICE_FAMILY = "1,2";
			};
			name = Debug;
		};
		5E9FB1D223EF04000082F5BE /* Release */ = {
			isa = XCBuildConfiguration;
			buildSettings = {
				ASSETCATALOG_COMPILER_APPICON_NAME = AppIcon;
				CODE_SIGN_ENTITLEMENTS = Runtime_intro/Runtime_intro.entitlements;
				CODE_SIGN_STYLE = Automatic;
				DEVELOPMENT_TEAM = 49F6BP78T2;
				ENABLE_STRICT_OBJC_MSGSEND = NO;
				INFOPLIST_FILE = Runtime_intro/Info.plist;
				LD_RUNPATH_SEARCH_PATHS = (
					"$(inherited)",
					"@executable_path/Frameworks",
				);
				PRODUCT_BUNDLE_IDENTIFIER = "ash.Runtime-intro";
				PRODUCT_NAME = "$(TARGET_NAME)";
				SUPPORTS_MACCATALYST = NO;
				TARGETED_DEVICE_FAMILY = "1,2";
			};
			name = Release;
		};
/* End XCBuildConfiguration section */

/* Begin XCConfigurationList section */
		5E9FB1B223EF03FE0082F5BE /* Build configuration list for PBXProject "Runtime_intro" */ = {
			isa = XCConfigurationList;
			buildConfigurations = (
				5E9FB1CE23EF04000082F5BE /* Debug */,
				5E9FB1CF23EF04000082F5BE /* Release */,
			);
			defaultConfigurationIsVisible = 0;
			defaultConfigurationName = Release;
		};
		5E9FB1D023EF04000082F5BE /* Build configuration list for PBXNativeTarget "Runtime_intro" */ = {
			isa = XCConfigurationList;
			buildConfigurations = (
				5E9FB1D123EF04000082F5BE /* Debug */,
				5E9FB1D223EF04000082F5BE /* Release */,
			);
			defaultConfigurationIsVisible = 0;
			defaultConfigurationName = Release;
		};
/* End XCConfigurationList section */
	};
	rootObject = 5E9FB1AF23EF03FE0082F5BE /* Project object */;
}
